// !$*UTF8*$!
{
	archiveVersion = 1;
	classes = {
	};
	objectVersion = 46;
	objects = {

/* Begin PBXBuildFile section */
		5501CC9C17D4BCB400229D05 /* Foundation.framework in Frameworks */ = {isa = PBXBuildFile; fileRef = 5501CC9B17D4BCB400229D05 /* Foundation.framework */; };
		5501CC9E17D4BCB400229D05 /* CoreGraphics.framework in Frameworks */ = {isa = PBXBuildFile; fileRef = 5501CC9D17D4BCB400229D05 /* CoreGraphics.framework */; };
		5501CCA017D4BCB400229D05 /* UIKit.framework in Frameworks */ = {isa = PBXBuildFile; fileRef = 5501CC9F17D4BCB400229D05 /* UIKit.framework */; };
		5501CCA617D4BCB400229D05 /* InfoPlist.strings in Resources */ = {isa = PBXBuildFile; fileRef = 5501CCA417D4BCB400229D05 /* InfoPlist.strings */; };
		5501CCA817D4BCB400229D05 /* main.m in Sources */ = {isa = PBXBuildFile; fileRef = 5501CCA717D4BCB400229D05 /* main.m */; };
		5501CCAC17D4BCB400229D05 /* AppDelegate.m in Sources */ = {isa = PBXBuildFile; fileRef = 5501CCAB17D4BCB400229D05 /* AppDelegate.m */; };
		5501CCAF17D4BCB400229D05 /* Main.storyboard in Resources */ = {isa = PBXBuildFile; fileRef = 5501CCAD17D4BCB400229D05 /* Main.storyboard */; };
		5501CCB217D4BCB400229D05 /* ViewController.m in Sources */ = {isa = PBXBuildFile; fileRef = 5501CCB117D4BCB400229D05 /* ViewController.m */; };
		5501CCB417D4BCB400229D05 /* Images.xcassets in Resources */ = {isa = PBXBuildFile; fileRef = 5501CCB317D4BCB400229D05 /* Images.xcassets */; };
		5501CCBB17D4BCB400229D05 /* XCTest.framework in Frameworks */ = {isa = PBXBuildFile; fileRef = 5501CCBA17D4BCB400229D05 /* XCTest.framework */; };
		5501CCBC17D4BCB400229D05 /* Foundation.framework in Frameworks */ = {isa = PBXBuildFile; fileRef = 5501CC9B17D4BCB400229D05 /* Foundation.framework */; };
		5501CCBD17D4BCB400229D05 /* UIKit.framework in Frameworks */ = {isa = PBXBuildFile; fileRef = 5501CC9F17D4BCB400229D05 /* UIKit.framework */; };
		5501CCC517D4BCB400229D05 /* InfoPlist.strings in Resources */ = {isa = PBXBuildFile; fileRef = 5501CCC317D4BCB400229D05 /* InfoPlist.strings */; };
		5501CCC717D4BCB400229D05 /* PictureFiltersTests.m in Sources */ = {isa = PBXBuildFile; fileRef = 5501CCC617D4BCB400229D05 /* PictureFiltersTests.m */; };
		554D772917D5ECD4000EAB68 /* Icon.png in Resources */ = {isa = PBXBuildFile; fileRef = 554D772717D5ECD4000EAB68 /* Icon.png */; };
		554D772A17D5ECD4000EAB68 /* Icon@2x.png in Resources */ = {isa = PBXBuildFile; fileRef = 554D772817D5ECD4000EAB68 /* Icon@2x.png */; };
/* End PBXBuildFile section */

/* Begin PBXContainerItemProxy section */
		5501CCBE17D4BCB400229D05 /* PBXContainerItemProxy */ = {
			isa = PBXContainerItemProxy;
			containerPortal = 5501CC9017D4BCB400229D05 /* Project object */;
			proxyType = 1;
			remoteGlobalIDString = 5501CC9717D4BCB400229D05;
			remoteInfo = PictureFilters;
		};
/* End PBXContainerItemProxy section */

/* Begin PBXFileReference section */
		5501CC9817D4BCB400229D05 /* PictureFilters.app */ = {isa = PBXFileReference; explicitFileType = wrapper.application; includeInIndex = 0; path = PictureFilters.app; sourceTree = BUILT_PRODUCTS_DIR; };
		5501CC9B17D4BCB400229D05 /* Foundation.framework */ = {isa = PBXFileReference; lastKnownFileType = wrapper.framework; name = Foundation.framework; path = System/Library/Frameworks/Foundation.framework; sourceTree = SDKROOT; };
		5501CC9D17D4BCB400229D05 /* CoreGraphics.framework */ = {isa = PBXFileReference; lastKnownFileType = wrapper.framework; name = CoreGraphics.framework; path = System/Library/Frameworks/CoreGraphics.framework; sourceTree = SDKROOT; };
		5501CC9F17D4BCB400229D05 /* UIKit.framework */ = {isa = PBXFileReference; lastKnownFileType = wrapper.framework; name = UIKit.framework; path = System/Library/Frameworks/UIKit.framework; sourceTree = SDKROOT; };
		5501CCA317D4BCB400229D05 /* PictureFilters-Info.plist */ = {isa = PBXFileReference; lastKnownFileType = text.plist.xml; path = "PictureFilters-Info.plist"; sourceTree = "<group>"; };
		5501CCA517D4BCB400229D05 /* en */ = {isa = PBXFileReference; lastKnownFileType = text.plist.strings; name = en; path = en.lproj/InfoPlist.strings; sourceTree = "<group>"; };
		5501CCA717D4BCB400229D05 /* main.m */ = {isa = PBXFileReference; lastKnownFileType = sourcecode.c.objc; path = main.m; sourceTree = "<group>"; };
		5501CCA917D4BCB400229D05 /* PictureFilters-Prefix.pch */ = {isa = PBXFileReference; lastKnownFileType = sourcecode.c.h; path = "PictureFilters-Prefix.pch"; sourceTree = "<group>"; };
		5501CCAA17D4BCB400229D05 /* AppDelegate.h */ = {isa = PBXFileReference; lastKnownFileType = sourcecode.c.h; path = AppDelegate.h; sourceTree = "<group>"; };
		5501CCAB17D4BCB400229D05 /* AppDelegate.m */ = {isa = PBXFileReference; lastKnownFileType = sourcecode.c.objc; path = AppDelegate.m; sourceTree = "<group>"; };
		5501CCAE17D4BCB400229D05 /* Base */ = {isa = PBXFileReference; lastKnownFileType = file.storyboard; name = Base; path = Base.lproj/Main.storyboard; sourceTree = "<group>"; };
		5501CCB017D4BCB400229D05 /* ViewController.h */ = {isa = PBXFileReference; lastKnownFileType = sourcecode.c.h; path = ViewController.h; sourceTree = "<group>"; };
		5501CCB117D4BCB400229D05 /* ViewController.m */ = {isa = PBXFileReference; lastKnownFileType = sourcecode.c.objc; path = ViewController.m; sourceTree = "<group>"; };
		5501CCB317D4BCB400229D05 /* Images.xcassets */ = {isa = PBXFileReference; lastKnownFileType = folder.assetcatalog; path = Images.xcassets; sourceTree = "<group>"; };
		5501CCB917D4BCB400229D05 /* PictureFiltersTests.xctest */ = {isa = PBXFileReference; explicitFileType = wrapper.cfbundle; includeInIndex = 0; path = PictureFiltersTests.xctest; sourceTree = BUILT_PRODUCTS_DIR; };
		5501CCBA17D4BCB400229D05 /* XCTest.framework */ = {isa = PBXFileReference; lastKnownFileType = wrapper.framework; name = XCTest.framework; path = Library/Frameworks/XCTest.framework; sourceTree = DEVELOPER_DIR; };
		5501CCC217D4BCB400229D05 /* PictureFiltersTests-Info.plist */ = {isa = PBXFileReference; lastKnownFileType = text.plist.xml; path = "PictureFiltersTests-Info.plist"; sourceTree = "<group>"; };
		5501CCC417D4BCB400229D05 /* en */ = {isa = PBXFileReference; lastKnownFileType = text.plist.strings; name = en; path = en.lproj/InfoPlist.strings; sourceTree = "<group>"; };
		5501CCC617D4BCB400229D05 /* PictureFiltersTests.m */ = {isa = PBXFileReference; lastKnownFileType = sourcecode.c.objc; path = PictureFiltersTests.m; sourceTree = "<group>"; };
		554D772717D5ECD4000EAB68 /* Icon.png */ = {isa = PBXFileReference; lastKnownFileType = image.png; path = Icon.png; sourceTree = "<group>"; };
		554D772817D5ECD4000EAB68 /* Icon@2x.png */ = {isa = PBXFileReference; lastKnownFileType = image.png; path = "Icon@2x.png"; sourceTree = "<group>"; };
/* End PBXFileReference section */

/* Begin PBXFrameworksBuildPhase section */
		5501CC9517D4BCB400229D05 /* Frameworks */ = {
			isa = PBXFrameworksBuildPhase;
			buildActionMask = 2147483647;
			files = (
				5501CC9E17D4BCB400229D05 /* CoreGraphics.framework in Frameworks */,
				5501CCA017D4BCB400229D05 /* UIKit.framework in Frameworks */,
				5501CC9C17D4BCB400229D05 /* Foundation.framework in Frameworks */,
			);
			runOnlyForDeploymentPostprocessing = 0;
		};
		5501CCB617D4BCB400229D05 /* Frameworks */ = {
			isa = PBXFrameworksBuildPhase;
			buildActionMask = 2147483647;
			files = (
				5501CCBB17D4BCB400229D05 /* XCTest.framework in Frameworks */,
				5501CCBD17D4BCB400229D05 /* UIKit.framework in Frameworks */,
				5501CCBC17D4BCB400229D05 /* Foundation.framework in Frameworks */,
			);
			runOnlyForDeploymentPostprocessing = 0;
		};
/* End PBXFrameworksBuildPhase section */

/* Begin PBXGroup section */
		5501CC8F17D4BCB400229D05 = {
			isa = PBXGroup;
			children = (
				5501CCA117D4BCB400229D05 /* PictureFilters */,
				5501CCC017D4BCB400229D05 /* PictureFiltersTests */,
				5501CC9A17D4BCB400229D05 /* Frameworks */,
				5501CC9917D4BCB400229D05 /* Products */,
			);
			sourceTree = "<group>";
		};
		5501CC9917D4BCB400229D05 /* Products */ = {
			isa = PBXGroup;
			children = (
				5501CC9817D4BCB400229D05 /* PictureFilters.app */,
				5501CCB917D4BCB400229D05 /* PictureFiltersTests.xctest */,
			);
			name = Products;
			sourceTree = "<group>";
		};
		5501CC9A17D4BCB400229D05 /* Frameworks */ = {
			isa = PBXGroup;
			children = (
				5501CC9B17D4BCB400229D05 /* Foundation.framework */,
				5501CC9D17D4BCB400229D05 /* CoreGraphics.framework */,
				5501CC9F17D4BCB400229D05 /* UIKit.framework */,
				5501CCBA17D4BCB400229D05 /* XCTest.framework */,
			);
			name = Frameworks;
			sourceTree = "<group>";
		};
		5501CCA117D4BCB400229D05 /* PictureFilters */ = {
			isa = PBXGroup;
			children = (
				554D772717D5ECD4000EAB68 /* Icon.png */,
				554D772817D5ECD4000EAB68 /* Icon@2x.png */,
				5501CCAA17D4BCB400229D05 /* AppDelegate.h */,
				5501CCAB17D4BCB400229D05 /* AppDelegate.m */,
				5501CCAD17D4BCB400229D05 /* Main.storyboard */,
				5501CCB017D4BCB400229D05 /* ViewController.h */,
				5501CCB117D4BCB400229D05 /* ViewController.m */,
				5501CCA217D4BCB400229D05 /* Supporting Files */,
			);
			path = PictureFilters;
			sourceTree = "<group>";
		};
		5501CCA217D4BCB400229D05 /* Supporting Files */ = {
			isa = PBXGroup;
			children = (
				5501CCB317D4BCB400229D05 /* Images.xcassets */,
				5501CCA317D4BCB400229D05 /* PictureFilters-Info.plist */,
				5501CCA417D4BCB400229D05 /* InfoPlist.strings */,
				5501CCA717D4BCB400229D05 /* main.m */,
				5501CCA917D4BCB400229D05 /* PictureFilters-Prefix.pch */,
			);
			name = "Supporting Files";
			sourceTree = "<group>";
		};
		5501CCC017D4BCB400229D05 /* PictureFiltersTests */ = {
			isa = PBXGroup;
			children = (
				5501CCC617D4BCB400229D05 /* PictureFiltersTests.m */,
				5501CCC117D4BCB400229D05 /* Supporting Files */,
			);
			path = PictureFiltersTests;
			sourceTree = "<group>";
		};
		5501CCC117D4BCB400229D05 /* Supporting Files */ = {
			isa = PBXGroup;
			children = (
				5501CCC217D4BCB400229D05 /* PictureFiltersTests-Info.plist */,
				5501CCC317D4BCB400229D05 /* InfoPlist.strings */,
			);
			name = "Supporting Files";
			sourceTree = "<group>";
		};
/* End PBXGroup section */

/* Begin PBXNativeTarget section */
		5501CC9717D4BCB400229D05 /* PictureFilters */ = {
			isa = PBXNativeTarget;
			buildConfigurationList = 5501CCCA17D4BCB400229D05 /* Build configuration list for PBXNativeTarget "PictureFilters" */;
			buildPhases = (
				5501CC9417D4BCB400229D05 /* Sources */,
				5501CC9517D4BCB400229D05 /* Frameworks */,
				5501CC9617D4BCB400229D05 /* Resources */,
			);
			buildRules = (
			);
			dependencies = (
			);
			name = PictureFilters;
			productName = PictureFilters;
			productReference = 5501CC9817D4BCB400229D05 /* PictureFilters.app */;
			productType = "com.apple.product-type.application";
		};
		5501CCB817D4BCB400229D05 /* PictureFiltersTests */ = {
			isa = PBXNativeTarget;
			buildConfigurationList = 5501CCCD17D4BCB400229D05 /* Build configuration list for PBXNativeTarget "PictureFiltersTests" */;
			buildPhases = (
				5501CCB517D4BCB400229D05 /* Sources */,
				5501CCB617D4BCB400229D05 /* Frameworks */,
				5501CCB717D4BCB400229D05 /* Resources */,
			);
			buildRules = (
			);
			dependencies = (
				5501CCBF17D4BCB400229D05 /* PBXTargetDependency */,
			);
			name = PictureFiltersTests;
			productName = PictureFiltersTests;
			productReference = 5501CCB917D4BCB400229D05 /* PictureFiltersTests.xctest */;
			productType = "com.apple.product-type.bundle.unit-test";
		};
/* End PBXNativeTarget section */

/* Begin PBXProject section */
		5501CC9017D4BCB400229D05 /* Project object */ = {
			isa = PBXProject;
			attributes = {
				LastUpgradeCheck = 0500;
				ORGANIZATIONNAME = MentorMate;
				TargetAttributes = {
					5501CCB817D4BCB400229D05 = {
						TestTargetID = 5501CC9717D4BCB400229D05;
					};
				};
			};
			buildConfigurationList = 5501CC9317D4BCB400229D05 /* Build configuration list for PBXProject "PictureFilters" */;
			compatibilityVersion = "Xcode 3.2";
			developmentRegion = English;
			hasScannedForEncodings = 0;
			knownRegions = (
				en,
				Base,
			);
			mainGroup = 5501CC8F17D4BCB400229D05;
			productRefGroup = 5501CC9917D4BCB400229D05 /* Products */;
			projectDirPath = "";
			projectRoot = "";
			targets = (
				5501CC9717D4BCB400229D05 /* PictureFilters */,
				5501CCB817D4BCB400229D05 /* PictureFiltersTests */,
			);
		};
/* End PBXProject section */

/* Begin PBXResourcesBuildPhase section */
		5501CC9617D4BCB400229D05 /* Resources */ = {
			isa = PBXResourcesBuildPhase;
			buildActionMask = 2147483647;
			files = (
				554D772917D5ECD4000EAB68 /* Icon.png in Resources */,
				5501CCB417D4BCB400229D05 /* Images.xcassets in Resources */,
				5501CCA617D4BCB400229D05 /* InfoPlist.strings in Resources */,
				5501CCAF17D4BCB400229D05 /* Main.storyboard in Resources */,
				554D772A17D5ECD4000EAB68 /* Icon@2x.png in Resources */,
			);
			runOnlyForDeploymentPostprocessing = 0;
		};
		5501CCB717D4BCB400229D05 /* Resources */ = {
			isa = PBXResourcesBuildPhase;
			buildActionMask = 2147483647;
			files = (
				5501CCC517D4BCB400229D05 /* InfoPlist.strings in Resources */,
			);
			runOnlyForDeploymentPostprocessing = 0;
		};
/* End PBXResourcesBuildPhase section */

/* Begin PBXSourcesBuildPhase section */
		5501CC9417D4BCB400229D05 /* Sources */ = {
			isa = PBXSourcesBuildPhase;
			buildActionMask = 2147483647;
			files = (
				5501CCB217D4BCB400229D05 /* ViewController.m in Sources */,
				5501CCAC17D4BCB400229D05 /* AppDelegate.m in Sources */,
				5501CCA817D4BCB400229D05 /* main.m in Sources */,
			);
			runOnlyForDeploymentPostprocessing = 0;
		};
		5501CCB517D4BCB400229D05 /* Sources */ = {
			isa = PBXSourcesBuildPhase;
			buildActionMask = 2147483647;
			files = (
				5501CCC717D4BCB400229D05 /* PictureFiltersTests.m in Sources */,
			);
			runOnlyForDeploymentPostprocessing = 0;
		};
/* End PBXSourcesBuildPhase section */

/* Begin PBXTargetDependency section */
		5501CCBF17D4BCB400229D05 /* PBXTargetDependency */ = {
			isa = PBXTargetDependency;
			target = 5501CC9717D4BCB400229D05 /* PictureFilters */;
			targetProxy = 5501CCBE17D4BCB400229D05 /* PBXContainerItemProxy */;
		};
/* End PBXTargetDependency section */

/* Begin PBXVariantGroup section */
		5501CCA417D4BCB400229D05 /* InfoPlist.strings */ = {
			isa = PBXVariantGroup;
			children = (
				5501CCA517D4BCB400229D05 /* en */,
			);
			name = InfoPlist.strings;
			sourceTree = "<group>";
		};
		5501CCAD17D4BCB400229D05 /* Main.storyboard */ = {
			isa = PBXVariantGroup;
			children = (
				5501CCAE17D4BCB400229D05 /* Base */,
			);
			name = Main.storyboard;
			sourceTree = "<group>";
		};
		5501CCC317D4BCB400229D05 /* InfoPlist.strings */ = {
			isa = PBXVariantGroup;
			children = (
				5501CCC417D4BCB400229D05 /* en */,
			);
			name = InfoPlist.strings;
			sourceTree = "<group>";
		};
/* End PBXVariantGroup section */

/* Begin XCBuildConfiguration section */
		5501CCC817D4BCB400229D05 /* Debug */ = {
			isa = XCBuildConfiguration;
			buildSettings = {
				ALWAYS_SEARCH_USER_PATHS = NO;
				CLANG_CXX_LANGUAGE_STANDARD = "gnu++0x";
				CLANG_CXX_LIBRARY = "libc++";
				CLANG_ENABLE_MODULES = YES;
				CLANG_ENABLE_OBJC_ARC = YES;
				CLANG_WARN_BOOL_CONVERSION = YES;
				CLANG_WARN_CONSTANT_CONVERSION = YES;
				CLANG_WARN_DIRECT_OBJC_ISA_USAGE = YES_ERROR;
				CLANG_WARN_EMPTY_BODY = YES;
				CLANG_WARN_ENUM_CONVERSION = YES;
				CLANG_WARN_INT_CONVERSION = YES;
				CLANG_WARN_OBJC_ROOT_CLASS = YES_ERROR;
				CLANG_WARN__DUPLICATE_METHOD_MATCH = YES;
				"CODE_SIGN_IDENTITY[sdk=iphoneos*]" = "iPhone Developer";
				COPY_PHASE_STRIP = NO;
				GCC_C_LANGUAGE_STANDARD = gnu99;
				GCC_DYNAMIC_NO_PIC = NO;
				GCC_OPTIMIZATION_LEVEL = 0;
				GCC_PREPROCESSOR_DEFINITIONS = (
					"DEBUG=1",
					"$(inherited)",
				);
				GCC_SYMBOLS_PRIVATE_EXTERN = NO;
				GCC_WARN_ABOUT_RETURN_TYPE = YES_ERROR;
				GCC_WARN_UNDECLARED_SELECTOR = YES;
				GCC_WARN_UNINITIALIZED_AUTOS = YES;
				GCC_WARN_UNUSED_FUNCTION = YES;
				GCC_WARN_UNUSED_VARIABLE = YES;
				IPHONEOS_DEPLOYMENT_TARGET = 7.0;
				ONLY_ACTIVE_ARCH = YES;
				SDKROOT = iphoneos;
			};
			name = Debug;
		};
		5501CCC917D4BCB400229D05 /* Release */ = {
			isa = XCBuildConfiguration;
			buildSettings = {
				ALWAYS_SEARCH_USER_PATHS = NO;
				CLANG_CXX_LANGUAGE_STANDARD = "gnu++0x";
				CLANG_CXX_LIBRARY = "libc++";
				CLANG_ENABLE_MODULES = YES;
				CLANG_ENABLE_OBJC_ARC = YES;
				CLANG_WARN_BOOL_CONVERSION = YES;
				CLANG_WARN_CONSTANT_CONVERSION = YES;
				CLANG_WARN_DIRECT_OBJC_ISA_USAGE = YES_ERROR;
				CLANG_WARN_EMPTY_BODY = YES;
				CLANG_WARN_ENUM_CONVERSION = YES;
				CLANG_WARN_INT_CONVERSION = YES;
				CLANG_WARN_OBJC_ROOT_CLASS = YES_ERROR;
				CLANG_WARN__DUPLICATE_METHOD_MATCH = YES;
				"CODE_SIGN_IDENTITY[sdk=iphoneos*]" = "iPhone Developer";
				COPY_PHASE_STRIP = YES;
				ENABLE_NS_ASSERTIONS = NO;
				GCC_C_LANGUAGE_STANDARD = gnu99;
				GCC_WARN_ABOUT_RETURN_TYPE = YES_ERROR;
				GCC_WARN_UNDECLARED_SELECTOR = YES;
				GCC_WARN_UNINITIALIZED_AUTOS = YES;
				GCC_WARN_UNUSED_FUNCTION = YES;
				GCC_WARN_UNUSED_VARIABLE = YES;
				IPHONEOS_DEPLOYMENT_TARGET = 7.0;
				SDKROOT = iphoneos;
				VALIDATE_PRODUCT = YES;
			};
			name = Release;
		};
		5501CCCB17D4BCB400229D05 /* Debug */ = {
			isa = XCBuildConfiguration;
			buildSettings = {
				ASSETCATALOG_COMPILER_APPICON_NAME = AppIcon;
				ASSETCATALOG_COMPILER_LAUNCHIMAGE_NAME = LaunchImage;
				GCC_PRECOMPILE_PREFIX_HEADER = YES;
				GCC_PREFIX_HEADER = "PictureFilters/PictureFilters-Prefix.pch";
				INFOPLIST_FILE = "PictureFilters/PictureFilters-Info.plist";
				PRODUCT_NAME = "$(TARGET_NAME)";
				WRAPPER_EXTENSION = app;
			};
			name = Debug;
		};
		5501CCCC17D4BCB400229D05 /* Release */ = {
			isa = XCBuildConfiguration;
			buildSettings = {
				ASSETCATALOG_COMPILER_APPICON_NAME = AppIcon;
				ASSETCATALOG_COMPILER_LAUNCHIMAGE_NAME = LaunchImage;
				GCC_PRECOMPILE_PREFIX_HEADER = YES;
				GCC_PREFIX_HEADER = "PictureFilters/PictureFilters-Prefix.pch";
				INFOPLIST_FILE = "PictureFilters/PictureFilters-Info.plist";
				PRODUCT_NAME = "$(TARGET_NAME)";
				WRAPPER_EXTENSION = app;
			};
			name = Release;
		};
		5501CCCE17D4BCB400229D05 /* Debug */ = {
			isa = XCBuildConfiguration;
			buildSettings = {
				BUNDLE_LOADER = "$(BUILT_PRODUCTS_DIR)/PictureFilters.app/PictureFilters";
				FRAMEWORK_SEARCH_PATHS = (
					"$(SDKROOT)/Developer/Library/Frameworks",
					"$(inherited)",
					"$(DEVELOPER_FRAMEWORKS_DIR)",
				);
				GCC_PRECOMPILE_PREFIX_HEADER = YES;
				GCC_PREFIX_HEADER = "PictureFilters/PictureFilters-Prefix.pch";
				GCC_PREPROCESSOR_DEFINITIONS = (
					"DEBUG=1",
					"$(inherited)",
				);
				INFOPLIST_FILE = "PictureFiltersTests/PictureFiltersTests-Info.plist";
				PRODUCT_NAME = "$(TARGET_NAME)";
				TEST_HOST = "$(BUNDLE_LOADER)";
				WRAPPER_EXTENSION = xctest;
			};
			name = Debug;
		};
		5501CCCF17D4BCB400229D05 /* Release */ = {
			isa = XCBuildConfiguration;
			buildSettings = {
				BUNDLE_LOADER = "$(BUILT_PRODUCTS_DIR)/PictureFilters.app/PictureFilters";
				FRAMEWORK_SEARCH_PATHS = (
					"$(SDKROOT)/Developer/Library/Frameworks",
					"$(inherited)",
					"$(DEVELOPER_FRAMEWORKS_DIR)",
				);
				GCC_PRECOMPILE_PREFIX_HEADER = YES;
				GCC_PREFIX_HEADER = "PictureFilters/PictureFilters-Prefix.pch";
				INFOPLIST_FILE = "PictureFiltersTests/PictureFiltersTests-Info.plist";
				PRODUCT_NAME = "$(TARGET_NAME)";
				TEST_HOST = "$(BUNDLE_LOADER)";
				WRAPPER_EXTENSION = xctest;
			};
			name = Release;
		};
/* End XCBuildConfiguration section */

/* Begin XCConfigurationList section */
		5501CC9317D4BCB400229D05 /* Build configuration list for PBXProject "PictureFilters" */ = {
			isa = XCConfigurationList;
			buildConfigurations = (
				5501CCC817D4BCB400229D05 /* Debug */,
				5501CCC917D4BCB400229D05 /* Release */,
			);
			defaultConfigurationIsVisible = 0;
			defaultConfigurationName = Release;
		};
		5501CCCA17D4BCB400229D05 /* Build configuration list for PBXNativeTarget "PictureFilters" */ = {
			isa = XCConfigurationList;
			buildConfigurations = (
				5501CCCB17D4BCB400229D05 /* Debug */,
				5501CCCC17D4BCB400229D05 /* Release */,
			);
			defaultConfigurationIsVisible = 0;
			defaultConfigurationName = Release;
		};
		5501CCCD17D4BCB400229D05 /* Build configuration list for PBXNativeTarget "PictureFiltersTests" */ = {
			isa = XCConfigurationList;
			buildConfigurations = (
				5501CCCE17D4BCB400229D05 /* Debug */,
				5501CCCF17D4BCB400229D05 /* Release */,
			);
			defaultConfigurationIsVisible = 0;
			defaultConfigurationName = Release;
		};
/* End XCConfigurationList section */
	};
	rootObject = 5501CC9017D4BCB400229D05 /* Project object */;
}
